
Microsoft Visual Studio Solution File, Format Version 12.00
# Visual Studio Version 17
VisualStudioVersion = 17.10.35122.118
MinimumVisualStudioVersion = 10.0.40219.1
Project("{FAE04EC0-301F-11D3-BF4B-00C04F79EFBC}") = "TrelloApp", "TrelloApp\TrelloApp.csproj", "{258A2F92-C469-4A0B-8DA0-80012A55E5C1}"
EndProject
Global
	GlobalSection(SolutionConfigurationPlatforms) = preSolution
		Debug|Any CPU = Debug|Any CPU
		Release|Any CPU = Release|Any CPU
	EndGlobalSection
	GlobalSection(ProjectConfigurationPlatforms) = postSolution
		{258A2F92-C469-4A0B-8DA0-80012A55E5C1}.Debug|Any CPU.ActiveCfg = Debug|Any CPU
		{258A2F92-C469-4A0B-8DA0-80012A55E5C1}.Debug|Any CPU.Build.0 = Debug|Any CPU
		{258A2F92-C469-4A0B-8DA0-80012A55E5C1}.Release|Any CPU.ActiveCfg = Release|Any CPU
		{258A2F92-C469-4A0B-8DA0-80012A55E5C1}.Release|Any CPU.Build.0 = Release|Any CPU
	EndGlobalSection
	GlobalSection(SolutionProperties) = preSolution
		HideSolutionNode = FALSE
	EndGlobalSection
	GlobalSection(ExtensibilityGlobals) = postSolution
		SolutionGuid = {09A27EF6-6C8E-46FE-9A72-9F87841E8333}
	EndGlobalSection
EndGlobal
